
Microsoft Visual Studio Solution File, Format Version 12.00
# Visual Studio Version 16
VisualStudioVersion = 16.0.31321.278
MinimumVisualStudioVersion = 10.0.40219.1
Project("{8BC9CEB8-8B4A-11D0-8D11-00A0C91BC942}") = "Client", "Client\Client.vcxproj", "{E8F77B14-6B83-44F3-BEFF-BFB1575DD35B}"
EndProject
Global
	GlobalSection(SolutionConfigurationPlatforms) = preSolution
		Debug|x64 = Debug|x64
		Debug|x86 = Debug|x86
		Release|x64 = Release|x64
		Release|x86 = Release|x86
	EndGlobalSection
	GlobalSection(ProjectConfigurationPlatforms) = postSolution
		{E8F77B14-6B83-44F3-BEFF-BFB1575DD35B}.Debug|x64.ActiveCfg = Debug|x64
		{E8F77B14-6B83-44F3-BEFF-BFB1575DD35B}.Debug|x64.Build.0 = Debug|x64
		{E8F77B14-6B83-44F3-BEFF-BFB1575DD35B}.Debug|x86.ActiveCfg = Debug|Win32
		{E8F77B14-6B83-44F3-BEFF-BFB1575DD35B}.Debug|x86.Build.0 = Debug|Win32
		{E8F77B14-6B83-44F3-BEFF-BFB1575DD35B}.Release|x64.ActiveCfg = Release|x64
		{E8F77B14-6B83-44F3-BEFF-BFB1575DD35B}.Release|x64.Build.0 = Release|x64
		{E8F77B14-6B83-44F3-BEFF-BFB1575DD35B}.Release|x86.ActiveCfg = Release|Win32
		{E8F77B14-6B83-44F3-BEFF-BFB1575DD35B}.Release|x86.Build.0 = Release|Win32
	EndGlobalSection
	GlobalSection(SolutionProperties) = preSolution
		HideSolutionNode = FALSE
	EndGlobalSection
	GlobalSection(ExtensibilityGlobals) = postSolution
		SolutionGuid = {9147745D-C89E-43D9-A335-2B8E37A95475}
	EndGlobalSection
EndGlobal
